
Microsoft Visual Studio Solution File, Format Version 12.00
# Visual Studio Version 17
VisualStudioVersion = 17.3.32825.248
MinimumVisualStudioVersion = 10.0.40219.1
Project("{FAE04EC0-301F-11D3-BF4B-00C04F79EFBC}") = "BlazorApp1.Server", "BlazorApp1\Server\BlazorApp1.Server.csproj", "{6AA3A178-83BD-496D-A987-62A24668146C}"
EndProject
Project("{FAE04EC0-301F-11D3-BF4B-00C04F79EFBC}") = "BlazorApp1.Client", "BlazorApp1\Client\BlazorApp1.Client.csproj", "{DD8A1434-7BBC-4007-802E-3C06EA117A7A}"
EndProject
Project("{FAE04EC0-301F-11D3-BF4B-00C04F79EFBC}") = "BlazorApp1.Shared", "BlazorApp1\Shared\BlazorApp1.Shared.csproj", "{B6C09E89-D8FC-4977-8AF1-91EF9CB4EC8A}"
EndProject
Global
	GlobalSection(SolutionConfigurationPlatforms) = preSolution
		Debug|Any CPU = Debug|Any CPU
		Release|Any CPU = Release|Any CPU
	EndGlobalSection
	GlobalSection(ProjectConfigurationPlatforms) = postSolution
		{6AA3A178-83BD-496D-A987-62A24668146C}.Debug|Any CPU.ActiveCfg = Debug|Any CPU
		{6AA3A178-83BD-496D-A987-62A24668146C}.Debug|Any CPU.Build.0 = Debug|Any CPU
		{6AA3A178-83BD-496D-A987-62A24668146C}.Release|Any CPU.ActiveCfg = Release|Any CPU
		{6AA3A178-83BD-496D-A987-62A24668146C}.Release|Any CPU.Build.0 = Release|Any CPU
		{DD8A1434-7BBC-4007-802E-3C06EA117A7A}.Debug|Any CPU.ActiveCfg = Debug|Any CPU
		{DD8A1434-7BBC-4007-802E-3C06EA117A7A}.Debug|Any CPU.Build.0 = Debug|Any CPU
		{DD8A1434-7BBC-4007-802E-3C06EA117A7A}.Release|Any CPU.ActiveCfg = Release|Any CPU
		{DD8A1434-7BBC-4007-802E-3C06EA117A7A}.Release|Any CPU.Build.0 = Release|Any CPU
		{B6C09E89-D8FC-4977-8AF1-91EF9CB4EC8A}.Debug|Any CPU.ActiveCfg = Debug|Any CPU
		{B6C09E89-D8FC-4977-8AF1-91EF9CB4EC8A}.Debug|Any CPU.Build.0 = Debug|Any CPU
		{B6C09E89-D8FC-4977-8AF1-91EF9CB4EC8A}.Release|Any CPU.ActiveCfg = Release|Any CPU
		{B6C09E89-D8FC-4977-8AF1-91EF9CB4EC8A}.Release|Any CPU.Build.0 = Release|Any CPU
	EndGlobalSection
	GlobalSection(SolutionProperties) = preSolution
		HideSolutionNode = FALSE
	EndGlobalSection
	GlobalSection(ExtensibilityGlobals) = postSolution
		SolutionGuid = {BBAFF9FF-E765-4425-AC4E-445CF739C92D}
	EndGlobalSection
EndGlobal
